
Microsoft Visual Studio Solution File, Format Version 12.00
# Visual Studio 15
VisualStudioVersion = 15.0.28307.489
MinimumVisualStudioVersion = 10.0.40219.1
Project("{FAE04EC0-301F-11D3-BF4B-00C04F79EFBC}") = "MWMS2", "MWMS2\MWMS2.csproj", "{F0A024E1-126D-48ED-A7CC-D36315569639}"
	ProjectSection(ProjectDependencies) = postProject
		{835646E2-B903-4DD8-B6FF-081689F54329} = {835646E2-B903-4DD8-B6FF-081689F54329}
	EndProjectSection
EndProject
Project("{FAE04EC0-301F-11D3-BF4B-00C04F79EFBC}") = "MWMS2_RPT", "MWMS2_RPT\MWMS2_RPT.csproj", "{835646E2-B903-4DD8-B6FF-081689F54329}"
EndProject
Project("{FAE04EC0-301F-11D3-BF4B-00C04F79EFBC}") = "MWMS2Interface", "MWMS2Interface\MWMS2Interface.csproj", "{E38F2D11-7034-4C24-8BBB-DC97926B5000}"
EndProject
Project("{FAE04EC0-301F-11D3-BF4B-00C04F79EFBC}") = "MWMS2EmailSender", "MWMS2EmailSender\MWMS2EmailSender.csproj", "{89AABADC-1112-4D7D-B239-EBC0A9662DBE}"
EndProject
Global
	GlobalSection(SolutionConfigurationPlatforms) = preSolution
		Debug|Any CPU = Debug|Any CPU
		Release|Any CPU = Release|Any CPU
	EndGlobalSection
	GlobalSection(ProjectConfigurationPlatforms) = postSolution
		{F0A024E1-126D-48ED-A7CC-D36315569639}.Debug|Any CPU.ActiveCfg = Debug|Any CPU
		{F0A024E1-126D-48ED-A7CC-D36315569639}.Debug|Any CPU.Build.0 = Debug|Any CPU
		{F0A024E1-126D-48ED-A7CC-D36315569639}.Release|Any CPU.ActiveCfg = Release|Any CPU
		{F0A024E1-126D-48ED-A7CC-D36315569639}.Release|Any CPU.Build.0 = Release|Any CPU
		{835646E2-B903-4DD8-B6FF-081689F54329}.Debug|Any CPU.ActiveCfg = Debug|Any CPU
		{835646E2-B903-4DD8-B6FF-081689F54329}.Debug|Any CPU.Build.0 = Debug|Any CPU
		{835646E2-B903-4DD8-B6FF-081689F54329}.Release|Any CPU.ActiveCfg = Release|Any CPU
		{835646E2-B903-4DD8-B6FF-081689F54329}.Release|Any CPU.Build.0 = Release|Any CPU
		{E38F2D11-7034-4C24-8BBB-DC97926B5000}.Debug|Any CPU.ActiveCfg = Debug|Any CPU
		{E38F2D11-7034-4C24-8BBB-DC97926B5000}.Debug|Any CPU.Build.0 = Debug|Any CPU
		{E38F2D11-7034-4C24-8BBB-DC97926B5000}.Release|Any CPU.ActiveCfg = Release|Any CPU
		{E38F2D11-7034-4C24-8BBB-DC97926B5000}.Release|Any CPU.Build.0 = Release|Any CPU
		{89AABADC-1112-4D7D-B239-EBC0A9662DBE}.Debug|Any CPU.ActiveCfg = Debug|Any CPU
		{89AABADC-1112-4D7D-B239-EBC0A9662DBE}.Debug|Any CPU.Build.0 = Debug|Any CPU
		{89AABADC-1112-4D7D-B239-EBC0A9662DBE}.Release|Any CPU.ActiveCfg = Release|Any CPU
		{89AABADC-1112-4D7D-B239-EBC0A9662DBE}.Release|Any CPU.Build.0 = Release|Any CPU
	EndGlobalSection
	GlobalSection(SolutionProperties) = preSolution
		HideSolutionNode = FALSE
	EndGlobalSection
	GlobalSection(ExtensibilityGlobals) = postSolution
		SolutionGuid = {906A918F-6AF7-4F06-B743-9C88B9AD9C0C}
	EndGlobalSection
EndGlobal
